
Microsoft Visual Studio Solution File, Format Version 12.00
# Visual Studio Version 16
VisualStudioVersion = 16.0.30204.135
MinimumVisualStudioVersion = 10.0.40219.1
Project("{FAE04EC0-301F-11D3-BF4B-00C04F79EFBC}") = "net-core-external-identity-provider", "net-core-external-identity-provider.csproj", "{7FEE4917-FFF2-48CE-AE84-A65CAA1C70BE}"
EndProject
Global
	GlobalSection(SolutionConfigurationPlatforms) = preSolution
		Debug|Any CPU = Debug|Any CPU
		Release|Any CPU = Release|Any CPU
	EndGlobalSection
	GlobalSection(ProjectConfigurationPlatforms) = postSolution
		{7FEE4917-FFF2-48CE-AE84-A65CAA1C70BE}.Debug|Any CPU.ActiveCfg = Debug|Any CPU
		{7FEE4917-FFF2-48CE-AE84-A65CAA1C70BE}.Debug|Any CPU.Build.0 = Debug|Any CPU
		{7FEE4917-FFF2-48CE-AE84-A65CAA1C70BE}.Release|Any CPU.ActiveCfg = Release|Any CPU
		{7FEE4917-FFF2-48CE-AE84-A65CAA1C70BE}.Release|Any CPU.Build.0 = Release|Any CPU
	EndGlobalSection
	GlobalSection(SolutionProperties) = preSolution
		HideSolutionNode = FALSE
	EndGlobalSection
	GlobalSection(ExtensibilityGlobals) = postSolution
		SolutionGuid = {0135E496-4DD6-4582-9E29-F1F045E03055}
	EndGlobalSection
EndGlobal
